{
  "nodes": {
    "flakeNimbleLib": {
      "inputs": {
        "nixpkgs": [
          "nixpkgs"
        ]
      },
      "locked": {
        "lastModified": 1662018438,
        "narHash": "sha256-QtNtU6+LX3Wokxf0zlFwKTFOcn6TeDjKQZ+DA9OYtvM=",
        "owner": "riinr",
        "repo": "nim-flakes-lib",
        "rev": "b1fe8340736e3a85d25c709ac3dfd82a55c03cbf",
        "type": "github"
      },
      "original": {
        "owner": "riinr",
        "ref": "master",
        "repo": "nim-flakes-lib",
        "type": "github"
      }
    },
    "nixpkgs": {
      "locked": {
        "lastModified": 1667110639,
        "narHash": "sha256-4FbPESZ5LbqQxkJJJBAfk/zKgF9h/4kyUwjjpJwYlbc=",
        "owner": "NixOS",
        "repo": "nixpkgs",
        "rev": "f38a1f04d1bec1feb61fd101a0539ae2002a7087",
        "type": "github"
      },
      "original": {
        "id": "nixpkgs",
        "type": "indirect"
      }
    },
    "root": {
      "inputs": {
        "flakeNimbleLib": "flakeNimbleLib",
        "nixpkgs": "nixpkgs",
        "tnetstring-master": "tnetstring-master"
      }
    },
    "src-tnetstring-master": {
      "flake": false,
      "locked": {
        "lastModified": 1635354591,
        "narHash": "sha256-4W2XNQ4EtT54NKUDpFxvYGRlLuuHshplilEjcS+bUy8=",
        "owner": "mahlonsmith",
        "repo": "nim-tnetstring",
        "rev": "1ef54e538df3103e8bb4ed61264a8aac2c66e42a",
        "type": "github"
      },
      "original": {
        "owner": "mahlonsmith",
        "ref": "refs/heads/master",
        "repo": "nim-tnetstring",
        "type": "github"
      }
    },
    "tnetstring-master": {
      "inputs": {
        "flakeNimbleLib": [
          "flakeNimbleLib"
        ],
        "nixpkgs": [
          "nixpkgs"
        ],
        "src-tnetstring-master": "src-tnetstring-master"
      },
      "locked": {
        "dir": "master",
        "lastModified": 1662254895,
        "narHash": "sha256-UVKiY70hnlYfOZmqEQMmH6RDgNNeYH3LLlzUl90oUGU=",
        "owner": "nim-nix-pkgs",
        "repo": "tnetstring",
        "rev": "f9eff517d09e09d91e76eba9bd97d8d1c3a525ec",
        "type": "github"
      },
      "original": {
        "dir": "master",
        "owner": "nim-nix-pkgs",
        "ref": "master",
        "repo": "tnetstring",
        "type": "github"
      }
    }
  },
  "root": "root",
  "version": 7
}
